
Microsoft Visual Studio Solution File, Format Version 12.00
# Visual Studio Version 16
VisualStudioVersion = 16.0.29519.87
MinimumVisualStudioVersion = 10.0.40219.1
Project("{FAE04EC0-301F-11D3-BF4B-00C04F79EFBC}") = "lonelykite", "lonelykite.csproj", "{6C08F44F-6B68-42E3-A777-E79CBA1144FD}"
EndProject
Global
	GlobalSection(SolutionConfigurationPlatforms) = preSolution
		Debug|Any CPU = Debug|Any CPU
		Release|Any CPU = Release|Any CPU
	EndGlobalSection
	GlobalSection(ProjectConfigurationPlatforms) = postSolution
		{6C08F44F-6B68-42E3-A777-E79CBA1144FD}.Debug|Any CPU.ActiveCfg = Debug|Any CPU
		{6C08F44F-6B68-42E3-A777-E79CBA1144FD}.Debug|Any CPU.Build.0 = Debug|Any CPU
		{6C08F44F-6B68-42E3-A777-E79CBA1144FD}.Release|Any CPU.ActiveCfg = Release|Any CPU
		{6C08F44F-6B68-42E3-A777-E79CBA1144FD}.Release|Any CPU.Build.0 = Release|Any CPU
	EndGlobalSection
	GlobalSection(SolutionProperties) = preSolution
		HideSolutionNode = FALSE
	EndGlobalSection
	GlobalSection(ExtensibilityGlobals) = postSolution
		SolutionGuid = {A3736686-BEB2-468D-9786-0FA57122B941}
	EndGlobalSection
EndGlobal
